
Microsoft Visual Studio Solution File, Format Version 12.00
# Visual Studio Version 16
VisualStudioVersion = 16.0.31424.327
MinimumVisualStudioVersion = 10.0.40219.1
Project("{8BC9CEB8-8B4A-11D0-8D11-00A0C91BC942}") = "1st degree inequalities", "1st degree inequalities\1st degree inequalities.vcxproj", "{2AF20003-D08E-418E-BA01-431BDFBB0030}"
EndProject
Global
	GlobalSection(SolutionConfigurationPlatforms) = preSolution
		Debug|x64 = Debug|x64
		Debug|x86 = Debug|x86
		Release|x64 = Release|x64
		Release|x86 = Release|x86
	EndGlobalSection
	GlobalSection(ProjectConfigurationPlatforms) = postSolution
		{2AF20003-D08E-418E-BA01-431BDFBB0030}.Debug|x64.ActiveCfg = Debug|x64
		{2AF20003-D08E-418E-BA01-431BDFBB0030}.Debug|x64.Build.0 = Debug|x64
		{2AF20003-D08E-418E-BA01-431BDFBB0030}.Debug|x86.ActiveCfg = Debug|Win32
		{2AF20003-D08E-418E-BA01-431BDFBB0030}.Debug|x86.Build.0 = Debug|Win32
		{2AF20003-D08E-418E-BA01-431BDFBB0030}.Release|x64.ActiveCfg = Release|x64
		{2AF20003-D08E-418E-BA01-431BDFBB0030}.Release|x64.Build.0 = Release|x64
		{2AF20003-D08E-418E-BA01-431BDFBB0030}.Release|x86.ActiveCfg = Release|Win32
		{2AF20003-D08E-418E-BA01-431BDFBB0030}.Release|x86.Build.0 = Release|Win32
	EndGlobalSection
	GlobalSection(SolutionProperties) = preSolution
		HideSolutionNode = FALSE
	EndGlobalSection
	GlobalSection(ExtensibilityGlobals) = postSolution
		SolutionGuid = {D0861636-A13C-4A3D-8FF0-F2A902439401}
	EndGlobalSection
EndGlobal
